
Microsoft Visual Studio Solution File, Format Version 12.00
# Visual Studio 2013
VisualStudioVersion = 12.0.21005.1
MinimumVisualStudioVersion = 10.0.40219.1
Project("{FAE04EC0-301F-11D3-BF4B-00C04F79EFBC}") = "FalconSharp", "FalconSharp\FalconSharp.csproj", "{EB456909-B7BD-44F5-A6B2-20493A5F93DC}"
EndProject
Project("{FAE04EC0-301F-11D3-BF4B-00C04F79EFBC}") = "FalconSharp.TestHarness", "FalconSharp.TestHarness\FalconSharp.TestHarness.csproj", "{C7A229ED-DBA8-4FB6-B34B-AC79968C6C24}"
EndProject
Global
	GlobalSection(SolutionConfigurationPlatforms) = preSolution
		Debug|Any CPU = Debug|Any CPU
		Release|Any CPU = Release|Any CPU
	EndGlobalSection
	GlobalSection(ProjectConfigurationPlatforms) = postSolution
		{EB456909-B7BD-44F5-A6B2-20493A5F93DC}.Debug|Any CPU.ActiveCfg = Debug|Any CPU
		{EB456909-B7BD-44F5-A6B2-20493A5F93DC}.Debug|Any CPU.Build.0 = Debug|Any CPU
		{EB456909-B7BD-44F5-A6B2-20493A5F93DC}.Release|Any CPU.ActiveCfg = Release|Any CPU
		{EB456909-B7BD-44F5-A6B2-20493A5F93DC}.Release|Any CPU.Build.0 = Release|Any CPU
		{C7A229ED-DBA8-4FB6-B34B-AC79968C6C24}.Debug|Any CPU.ActiveCfg = Debug|Any CPU
		{C7A229ED-DBA8-4FB6-B34B-AC79968C6C24}.Debug|Any CPU.Build.0 = Debug|Any CPU
		{C7A229ED-DBA8-4FB6-B34B-AC79968C6C24}.Release|Any CPU.ActiveCfg = Release|Any CPU
		{C7A229ED-DBA8-4FB6-B34B-AC79968C6C24}.Release|Any CPU.Build.0 = Release|Any CPU
	EndGlobalSection
	GlobalSection(SolutionProperties) = preSolution
		HideSolutionNode = FALSE
	EndGlobalSection
EndGlobal
